
Microsoft Visual Studio Solution File, Format Version 12.00
# Visual Studio 15
VisualStudioVersion = 15.0.27130.2036
MinimumVisualStudioVersion = 10.0.40219.1
Project("{9A19103F-16F7-4668-BE54-9A1E7A4F7556}") = "CoreLearnEFCore", "CoreLearnEFCore\CoreLearnEFCore.csproj", "{8C152924-147B-4011-B560-24D38E5F1A19}"
EndProject
Project("{9A19103F-16F7-4668-BE54-9A1E7A4F7556}") = "ConsoleApp1", "ConsoleApp1\ConsoleApp1.csproj", "{B3A06864-2249-4822-A389-53CA42D6A96F}"
EndProject
Project("{FAE04EC0-301F-11D3-BF4B-00C04F79EFBC}") = "EFCoreRelationship", "EFCoreRelationship\EFCoreRelationship.csproj", "{851DC018-6893-49FE-BEF0-95B96EC91ADB}"
EndProject
Project("{FAE04EC0-301F-11D3-BF4B-00C04F79EFBC}") = "ConsoleApp2", "ConsoleApp2\ConsoleApp2.csproj", "{3554FE52-90A8-4899-ACBD-966CC4B6A720}"
EndProject
Global
	GlobalSection(SolutionConfigurationPlatforms) = preSolution
		Debug|Any CPU = Debug|Any CPU
		Release|Any CPU = Release|Any CPU
	EndGlobalSection
	GlobalSection(ProjectConfigurationPlatforms) = postSolution
		{8C152924-147B-4011-B560-24D38E5F1A19}.Debug|Any CPU.ActiveCfg = Debug|Any CPU
		{8C152924-147B-4011-B560-24D38E5F1A19}.Debug|Any CPU.Build.0 = Debug|Any CPU
		{8C152924-147B-4011-B560-24D38E5F1A19}.Release|Any CPU.ActiveCfg = Release|Any CPU
		{8C152924-147B-4011-B560-24D38E5F1A19}.Release|Any CPU.Build.0 = Release|Any CPU
		{B3A06864-2249-4822-A389-53CA42D6A96F}.Debug|Any CPU.ActiveCfg = Debug|Any CPU
		{B3A06864-2249-4822-A389-53CA42D6A96F}.Debug|Any CPU.Build.0 = Debug|Any CPU
		{B3A06864-2249-4822-A389-53CA42D6A96F}.Release|Any CPU.ActiveCfg = Release|Any CPU
		{B3A06864-2249-4822-A389-53CA42D6A96F}.Release|Any CPU.Build.0 = Release|Any CPU
		{851DC018-6893-49FE-BEF0-95B96EC91ADB}.Debug|Any CPU.ActiveCfg = Debug|Any CPU
		{851DC018-6893-49FE-BEF0-95B96EC91ADB}.Debug|Any CPU.Build.0 = Debug|Any CPU
		{851DC018-6893-49FE-BEF0-95B96EC91ADB}.Release|Any CPU.ActiveCfg = Release|Any CPU
		{851DC018-6893-49FE-BEF0-95B96EC91ADB}.Release|Any CPU.Build.0 = Release|Any CPU
		{3554FE52-90A8-4899-ACBD-966CC4B6A720}.Debug|Any CPU.ActiveCfg = Debug|Any CPU
		{3554FE52-90A8-4899-ACBD-966CC4B6A720}.Debug|Any CPU.Build.0 = Debug|Any CPU
		{3554FE52-90A8-4899-ACBD-966CC4B6A720}.Release|Any CPU.ActiveCfg = Release|Any CPU
		{3554FE52-90A8-4899-ACBD-966CC4B6A720}.Release|Any CPU.Build.0 = Release|Any CPU
	EndGlobalSection
	GlobalSection(SolutionProperties) = preSolution
		HideSolutionNode = FALSE
	EndGlobalSection
	GlobalSection(ExtensibilityGlobals) = postSolution
		SolutionGuid = {C5A1634F-809C-40FF-97B0-90D87D638416}
	EndGlobalSection
EndGlobal
